// !$*UTF8*$!
{
	archiveVersion = 1;
	classes = {
	};
	objectVersion = 46;
	objects = {

/* Begin PBXBuildFile section */
		3515394B19BAF8A5002BE0B9 /* NSUserModel.m in Sources */ = {isa = PBXBuildFile; fileRef = 3515394A19BAF8A5002BE0B9 /* NSUserModel.m */; };
		3515394E19BB022F002BE0B9 /* LaunchIcon.png in Resources */ = {isa = PBXBuildFile; fileRef = 3515394C19BB022F002BE0B9 /* LaunchIcon.png */; };
		3515394F19BB022F002BE0B9 /* LaunchIcon@2x.png in Resources */ = {isa = PBXBuildFile; fileRef = 3515394D19BB022F002BE0B9 /* LaunchIcon@2x.png */; };
		3515397219BC80B8002BE0B9 /* ServiceTableViewController.m in Sources */ = {isa = PBXBuildFile; fileRef = 3515397119BC80B8002BE0B9 /* ServiceTableViewController.m */; };
		3515397919BC80CD002BE0B9 /* ChangeProfileTableViewController.m in Sources */ = {isa = PBXBuildFile; fileRef = 3515397419BC80CD002BE0B9 /* ChangeProfileTableViewController.m */; };
		3515397A19BC80CD002BE0B9 /* ChangePwdTableViewController.m in Sources */ = {isa = PBXBuildFile; fileRef = 3515397619BC80CD002BE0B9 /* ChangePwdTableViewController.m */; };
		3515397B19BC80CD002BE0B9 /* SettingTableViewController.m in Sources */ = {isa = PBXBuildFile; fileRef = 3515397819BC80CD002BE0B9 /* SettingTableViewController.m */; };
		3515398219BC80ED002BE0B9 /* NewUserTableViewController.m in Sources */ = {isa = PBXBuildFile; fileRef = 3515397D19BC80ED002BE0B9 /* NewUserTableViewController.m */; };
		3515398319BC80ED002BE0B9 /* RegisterViewController.m in Sources */ = {isa = PBXBuildFile; fileRef = 3515397F19BC80ED002BE0B9 /* RegisterViewController.m */; };
		3515398419BC80ED002BE0B9 /* UserLogonTableViewController.m in Sources */ = {isa = PBXBuildFile; fileRef = 3515398119BC80ED002BE0B9 /* UserLogonTableViewController.m */; };
		3515398D19BC810B002BE0B9 /* KeyValueTableViewController.m in Sources */ = {isa = PBXBuildFile; fileRef = 3515398619BC810B002BE0B9 /* KeyValueTableViewController.m */; };
		3515398E19BC810B002BE0B9 /* NavigationController.m in Sources */ = {isa = PBXBuildFile; fileRef = 3515398819BC810B002BE0B9 /* NavigationController.m */; };
		3515398F19BC810B002BE0B9 /* TextFieldTableViewCell.m in Sources */ = {isa = PBXBuildFile; fileRef = 3515398A19BC810B002BE0B9 /* TextFieldTableViewCell.m */; };
		3515399019BC810B002BE0B9 /* TouchTableView.m in Sources */ = {isa = PBXBuildFile; fileRef = 3515398C19BC810B002BE0B9 /* TouchTableView.m */; };
		3515399319BC8127002BE0B9 /* TencentOpenApi_IOS_Bundle.bundle in Resources */ = {isa = PBXBuildFile; fileRef = 3515399119BC8127002BE0B9 /* TencentOpenApi_IOS_Bundle.bundle */; };
		3515399419BC8127002BE0B9 /* TencentOpenAPI.framework in Frameworks */ = {isa = PBXBuildFile; fileRef = 3515399219BC8127002BE0B9 /* TencentOpenAPI.framework */; };
		351539A119BC8294002BE0B9 /* libWeChatSDK.a in Frameworks */ = {isa = PBXBuildFile; fileRef = 3515399E19BC8294002BE0B9 /* libWeChatSDK.a */; };
		351539A619BC82A6002BE0B9 /* libWeiboSDK.a in Frameworks */ = {isa = PBXBuildFile; fileRef = 351539A319BC82A6002BE0B9 /* libWeiboSDK.a */; };
		351539A719BC82A6002BE0B9 /* WeiboSDK.bundle in Resources */ = {isa = PBXBuildFile; fileRef = 351539A419BC82A6002BE0B9 /* WeiboSDK.bundle */; };
		3517746119B3693F00AECE17 /* DoubanLogonViewController.m in Sources */ = {isa = PBXBuildFile; fileRef = 3517746019B3693F00AECE17 /* DoubanLogonViewController.m */; };
		3517746419B3701E00AECE17 /* URLRequestHandler.m in Sources */ = {isa = PBXBuildFile; fileRef = 3517746319B3701E00AECE17 /* URLRequestHandler.m */; };
		3517747219B4BA6600AECE17 /* SinaWeiboLogonController.m in Sources */ = {isa = PBXBuildFile; fileRef = 3517747119B4BA6600AECE17 /* SinaWeiboLogonController.m */; };
		3517747919B5FB1000AECE17 /* TencentLogonController.m in Sources */ = {isa = PBXBuildFile; fileRef = 3517747819B5FB1000AECE17 /* TencentLogonController.m */; };
		3517748519B6058C00AECE17 /* CoreTelephony.framework in Frameworks */ = {isa = PBXBuildFile; fileRef = 3517748419B6058C00AECE17 /* CoreTelephony.framework */; };
		3517748719B6059B00AECE17 /* SystemConfiguration.framework in Frameworks */ = {isa = PBXBuildFile; fileRef = 3517748619B6059B00AECE17 /* SystemConfiguration.framework */; };
		3517748919B605AD00AECE17 /* CoreFoundation.framework in Frameworks */ = {isa = PBXBuildFile; fileRef = 3517748819B605AD00AECE17 /* CoreFoundation.framework */; };
		3517748B19B605BF00AECE17 /* Security.framework in Frameworks */ = {isa = PBXBuildFile; fileRef = 3517748A19B605BF00AECE17 /* Security.framework */; };
		3517748F19B6080400AECE17 /* libz.1.1.3.dylib in Frameworks */ = {isa = PBXBuildFile; fileRef = 3517748E19B6080400AECE17 /* libz.1.1.3.dylib */; };
		3517749119B6081500AECE17 /* libstdc++.6.0.9.dylib in Frameworks */ = {isa = PBXBuildFile; fileRef = 3517749019B6081500AECE17 /* libstdc++.6.0.9.dylib */; };
		3517749319B6082F00AECE17 /* libsqlite3.0.dylib in Frameworks */ = {isa = PBXBuildFile; fileRef = 3517749219B6082F00AECE17 /* libsqlite3.0.dylib */; };
		3517749B19B88A9100AECE17 /* HomeViewController.m in Sources */ = {isa = PBXBuildFile; fileRef = 3517749A19B88A9100AECE17 /* HomeViewController.m */; };
		3517749E19B891EE00AECE17 /* VendorCollectionViewController.m in Sources */ = {isa = PBXBuildFile; fileRef = 3517749D19B891EE00AECE17 /* VendorCollectionViewController.m */; };
		351774A119B8953700AECE17 /* VendorCollectionViewCell.m in Sources */ = {isa = PBXBuildFile; fileRef = 351774A019B8953700AECE17 /* VendorCollectionViewCell.m */; };
		351774A319B8A11D00AECE17 /* AssetType.plist in Resources */ = {isa = PBXBuildFile; fileRef = 351774A219B8A11D00AECE17 /* AssetType.plist */; };
		356B508519B9F02800DC5874 /* qq.png in Resources */ = {isa = PBXBuildFile; fileRef = 356B507E19B9F02800DC5874 /* qq.png */; };
		356B508619B9F02800DC5874 /* service.png in Resources */ = {isa = PBXBuildFile; fileRef = 356B507F19B9F02800DC5874 /* service.png */; };
		356B508719B9F02800DC5874 /* setting.png in Resources */ = {isa = PBXBuildFile; fileRef = 356B508019B9F02800DC5874 /* setting.png */; };
		356B508919B9F02800DC5874 /* sina.png in Resources */ = {isa = PBXBuildFile; fileRef = 356B508219B9F02800DC5874 /* sina.png */; };
		356B508A19B9F02800DC5874 /* taobao.png in Resources */ = {isa = PBXBuildFile; fileRef = 356B508319B9F02800DC5874 /* taobao.png */; };
		356B508B19B9F02800DC5874 /* wechat.png in Resources */ = {isa = PBXBuildFile; fileRef = 356B508419B9F02800DC5874 /* wechat.png */; };
		356B509019B9F08300DC5874 /* linkedin.png in Resources */ = {isa = PBXBuildFile; fileRef = 356B508D19B9F08300DC5874 /* linkedin.png */; };
		356B509119B9F08300DC5874 /* money.png in Resources */ = {isa = PBXBuildFile; fileRef = 356B508E19B9F08300DC5874 /* money.png */; };
		356B509519B9F14A00DC5874 /* money@2x.png in Resources */ = {isa = PBXBuildFile; fileRef = 356B509219B9F14A00DC5874 /* money@2x.png */; };
		356B509619B9F14A00DC5874 /* service@2x.png in Resources */ = {isa = PBXBuildFile; fileRef = 356B509319B9F14A00DC5874 /* service@2x.png */; };
		356B509719B9F14A00DC5874 /* setting@2x.png in Resources */ = {isa = PBXBuildFile; fileRef = 356B509419B9F14A00DC5874 /* setting@2x.png */; };
		356B50AF19B9F30D00DC5874 /* PNBar.m in Sources */ = {isa = PBXBuildFile; fileRef = 356B509B19B9F30D00DC5874 /* PNBar.m */; };
		356B50B019B9F30D00DC5874 /* PNBarChart.m in Sources */ = {isa = PBXBuildFile; fileRef = 356B509D19B9F30D00DC5874 /* PNBarChart.m */; };
		356B50B119B9F30D00DC5874 /* PNChart.m in Sources */ = {isa = PBXBuildFile; fileRef = 356B509F19B9F30D00DC5874 /* PNChart.m */; };
		356B50B219B9F30D00DC5874 /* PNChartLabel.m in Sources */ = {isa = PBXBuildFile; fileRef = 356B50A119B9F30D00DC5874 /* PNChartLabel.m */; };
		356B50B319B9F30D00DC5874 /* PNCircleChart.m in Sources */ = {isa = PBXBuildFile; fileRef = 356B50A319B9F30D00DC5874 /* PNCircleChart.m */; };
		356B50B419B9F30D00DC5874 /* PNColor.m in Sources */ = {isa = PBXBuildFile; fileRef = 356B50A519B9F30D00DC5874 /* PNColor.m */; };
		356B50B519B9F30D00DC5874 /* PNLineChart.m in Sources */ = {isa = PBXBuildFile; fileRef = 356B50A719B9F30D00DC5874 /* PNLineChart.m */; };
		356B50B619B9F30D00DC5874 /* PNPieChart.m in Sources */ = {isa = PBXBuildFile; fileRef = 356B50A919B9F30D00DC5874 /* PNPieChart.m */; };
		356B50B719B9F30D00DC5874 /* PNPieChartDataItem.m in Sources */ = {isa = PBXBuildFile; fileRef = 356B50AB19B9F30D00DC5874 /* PNPieChartDataItem.m */; };
		356B50B819B9F30D00DC5874 /* UICountingLabel.m in Sources */ = {isa = PBXBuildFile; fileRef = 356B50AE19B9F30D00DC5874 /* UICountingLabel.m */; };
		356B9CAD19BD9342002F3794 /* ChartView.m in Sources */ = {isa = PBXBuildFile; fileRef = 356B9CAC19BD9342002F3794 /* ChartView.m */; };
		356B9CB019BD9FC1002F3794 /* AssetTotalViewController.m in Sources */ = {isa = PBXBuildFile; fileRef = 356B9CAF19BD9FC1002F3794 /* AssetTotalViewController.m */; };
		356B9CB319BDA362002F3794 /* DetailTableViewController.m in Sources */ = {isa = PBXBuildFile; fileRef = 356B9CB219BDA362002F3794 /* DetailTableViewController.m */; };
		356B9CB619BDB4F5002F3794 /* AssetRankingViewController.m in Sources */ = {isa = PBXBuildFile; fileRef = 356B9CB519BDB4F5002F3794 /* AssetRankingViewController.m */; };
		359AD86C19B2F15B00E191A1 /* Foundation.framework in Frameworks */ = {isa = PBXBuildFile; fileRef = 359AD86B19B2F15B00E191A1 /* Foundation.framework */; };
		359AD86E19B2F15B00E191A1 /* CoreGraphics.framework in Frameworks */ = {isa = PBXBuildFile; fileRef = 359AD86D19B2F15B00E191A1 /* CoreGraphics.framework */; };
		359AD87019B2F15B00E191A1 /* UIKit.framework in Frameworks */ = {isa = PBXBuildFile; fileRef = 359AD86F19B2F15B00E191A1 /* UIKit.framework */; };
		359AD87619B2F15B00E191A1 /* InfoPlist.strings in Resources */ = {isa = PBXBuildFile; fileRef = 359AD87419B2F15B00E191A1 /* InfoPlist.strings */; };
		359AD87819B2F15B00E191A1 /* main.m in Sources */ = {isa = PBXBuildFile; fileRef = 359AD87719B2F15B00E191A1 /* main.m */; };
		359AD87C19B2F15B00E191A1 /* AppDelegate.m in Sources */ = {isa = PBXBuildFile; fileRef = 359AD87B19B2F15B00E191A1 /* AppDelegate.m */; };
		359AD87F19B2F15B00E191A1 /* Main.storyboard in Resources */ = {isa = PBXBuildFile; fileRef = 359AD87D19B2F15B00E191A1 /* Main.storyboard */; };
		359AD88419B2F15B00E191A1 /* Images.xcassets in Resources */ = {isa = PBXBuildFile; fileRef = 359AD88319B2F15B00E191A1 /* Images.xcassets */; };
		359AD88B19B2F15B00E191A1 /* XCTest.framework in Frameworks */ = {isa = PBXBuildFile; fileRef = 359AD88A19B2F15B00E191A1 /* XCTest.framework */; };
		359AD88C19B2F15B00E191A1 /* Foundation.framework in Frameworks */ = {isa = PBXBuildFile; fileRef = 359AD86B19B2F15B00E191A1 /* Foundation.framework */; };
		359AD88D19B2F15B00E191A1 /* UIKit.framework in Frameworks */ = {isa = PBXBuildFile; fileRef = 359AD86F19B2F15B00E191A1 /* UIKit.framework */; };
		359AD89519B2F15B00E191A1 /* InfoPlist.strings in Resources */ = {isa = PBXBuildFile; fileRef = 359AD89319B2F15B00E191A1 /* InfoPlist.strings */; };
		359AD89719B2F15B00E191A1 /* NextIdentityTests.m in Sources */ = {isa = PBXBuildFile; fileRef = 359AD89619B2F15B00E191A1 /* NextIdentityTests.m */; };
		359AD8A219B2FC9600E191A1 /* AssetDetailViewController.m in Sources */ = {isa = PBXBuildFile; fileRef = 359AD8A119B2FC9600E191A1 /* AssetDetailViewController.m */; };
		359AD8A519B307AE00E191A1 /* VendorLogonViewController.m in Sources */ = {isa = PBXBuildFile; fileRef = 359AD8A419B307AE00E191A1 /* VendorLogonViewController.m */; };
		359B5F9819B40CD600DEB0E7 /* NSAssetModel.m in Sources */ = {isa = PBXBuildFile; fileRef = 359B5F9719B40CD600DEB0E7 /* NSAssetModel.m */; };
		359B5FA219B56B3000DEB0E7 /* douban.png in Resources */ = {isa = PBXBuildFile; fileRef = 359B5FA019B56B3000DEB0E7 /* douban.png */; };
		359B5FA319B56B3000DEB0E7 /* sina.png in Resources */ = {isa = PBXBuildFile; fileRef = 359B5FA119B56B3000DEB0E7 /* sina.png */; };
		359B5FA819B5AB5500DEB0E7 /* TaobaoLogonViewController.m in Sources */ = {isa = PBXBuildFile; fileRef = 359B5FA719B5AB5500DEB0E7 /* TaobaoLogonViewController.m */; };
		359B5FB319B5D01400DEB0E7 /* taobao.png in Resources */ = {isa = PBXBuildFile; fileRef = 359B5FB219B5D01400DEB0E7 /* taobao.png */; };
		35ABAEB319BEE909003D3504 /* LinkedInLogonViewController.m in Sources */ = {isa = PBXBuildFile; fileRef = 35ABAEB219BEE909003D3504 /* LinkedInLogonViewController.m */; };
		35ABAEB619C0246E003D3504 /* Utility.m in Sources */ = {isa = PBXBuildFile; fileRef = 35ABAEB519C0246E003D3504 /* Utility.m */; };
/* End PBXBuildFile section */

/* Begin PBXContainerItemProxy section */
		359AD88E19B2F15B00E191A1 /* PBXContainerItemProxy */ = {
			isa = PBXContainerItemProxy;
			containerPortal = 359AD86019B2F15B00E191A1 /* Project object */;
			proxyType = 1;
			remoteGlobalIDString = 359AD86719B2F15B00E191A1;
			remoteInfo = NextIdentity;
		};
/* End PBXContainerItemProxy section */

/* Begin PBXFileReference section */
		3515394919BAF8A5002BE0B9 /* NSUserModel.h */ = {isa = PBXFileReference; fileEncoding = 4; lastKnownFileType = sourcecode.c.h; path = NSUserModel.h; sourceTree = "<group>"; };
		3515394A19BAF8A5002BE0B9 /* NSUserModel.m */ = {isa = PBXFileReference; fileEncoding = 4; lastKnownFileType = sourcecode.c.objc; path = NSUserModel.m; sourceTree = "<group>"; };
		3515394C19BB022F002BE0B9 /* LaunchIcon.png */ = {isa = PBXFileReference; lastKnownFileType = image.png; name = LaunchIcon.png; path = res/LaunchIcon.png; sourceTree = "<group>"; };
		3515394D19BB022F002BE0B9 /* LaunchIcon@2x.png */ = {isa = PBXFileReference; lastKnownFileType = image.png; name = "LaunchIcon@2x.png"; path = "res/LaunchIcon@2x.png"; sourceTree = "<group>"; };
		3515397019BC80B8002BE0B9 /* ServiceTableViewController.h */ = {isa = PBXFileReference; fileEncoding = 4; lastKnownFileType = sourcecode.c.h; name = ServiceTableViewController.h; path = NextIdentity/ServiceTableViewController.h; sourceTree = "<group>"; };
		3515397119BC80B8002BE0B9 /* ServiceTableViewController.m */ = {isa = PBXFileReference; fileEncoding = 4; lastKnownFileType = sourcecode.c.objc; name = ServiceTableViewController.m; path = NextIdentity/ServiceTableViewController.m; sourceTree = "<group>"; };
		3515397319BC80CD002BE0B9 /* ChangeProfileTableViewController.h */ = {isa = PBXFileReference; fileEncoding = 4; lastKnownFileType = sourcecode.c.h; name = ChangeProfileTableViewController.h; path = NextIdentity/ChangeProfileTableViewController.h; sourceTree = "<group>"; };
		3515397419BC80CD002BE0B9 /* ChangeProfileTableViewController.m */ = {isa = PBXFileReference; fileEncoding = 4; lastKnownFileType = sourcecode.c.objc; name = ChangeProfileTableViewController.m; path = NextIdentity/ChangeProfileTableViewController.m; sourceTree = "<group>"; };
		3515397519BC80CD002BE0B9 /* ChangePwdTableViewController.h */ = {isa = PBXFileReference; fileEncoding = 4; lastKnownFileType = sourcecode.c.h; name = ChangePwdTableViewController.h; path = NextIdentity/ChangePwdTableViewController.h; sourceTree = "<group>"; };
		3515397619BC80CD002BE0B9 /* ChangePwdTableViewController.m */ = {isa = PBXFileReference; fileEncoding = 4; lastKnownFileType = sourcecode.c.objc; name = ChangePwdTableViewController.m; path = NextIdentity/ChangePwdTableViewController.m; sourceTree = "<group>"; };
		3515397719BC80CD002BE0B9 /* SettingTableViewController.h */ = {isa = PBXFileReference; fileEncoding = 4; lastKnownFileType = sourcecode.c.h; name = SettingTableViewController.h; path = NextIdentity/SettingTableViewController.h; sourceTree = "<group>"; };
		3515397819BC80CD002BE0B9 /* SettingTableViewController.m */ = {isa = PBXFileReference; fileEncoding = 4; lastKnownFileType = sourcecode.c.objc; name = SettingTableViewController.m; path = NextIdentity/SettingTableViewController.m; sourceTree = "<group>"; };
		3515397C19BC80ED002BE0B9 /* NewUserTableViewController.h */ = {isa = PBXFileReference; fileEncoding = 4; lastKnownFileType = sourcecode.c.h; name = NewUserTableViewController.h; path = NextIdentity/NewUserTableViewController.h; sourceTree = "<group>"; };
		3515397D19BC80ED002BE0B9 /* NewUserTableViewController.m */ = {isa = PBXFileReference; fileEncoding = 4; lastKnownFileType = sourcecode.c.objc; name = NewUserTableViewController.m; path = NextIdentity/NewUserTableViewController.m; sourceTree = "<group>"; };
		3515397E19BC80ED002BE0B9 /* RegisterViewController.h */ = {isa = PBXFileReference; fileEncoding = 4; lastKnownFileType = sourcecode.c.h; name = RegisterViewController.h; path = NextIdentity/RegisterViewController.h; sourceTree = "<group>"; };
		3515397F19BC80ED002BE0B9 /* RegisterViewController.m */ = {isa = PBXFileReference; fileEncoding = 4; lastKnownFileType = sourcecode.c.objc; name = RegisterViewController.m; path = NextIdentity/RegisterViewController.m; sourceTree = "<group>"; };
		3515398019BC80ED002BE0B9 /* UserLogonTableViewController.h */ = {isa = PBXFileReference; fileEncoding = 4; lastKnownFileType = sourcecode.c.h; name = UserLogonTableViewController.h; path = NextIdentity/UserLogonTableViewController.h; sourceTree = "<group>"; };
		3515398119BC80ED002BE0B9 /* UserLogonTableViewController.m */ = {isa = PBXFileReference; fileEncoding = 4; lastKnownFileType = sourcecode.c.objc; name = UserLogonTableViewController.m; path = NextIdentity/UserLogonTableViewController.m; sourceTree = "<group>"; };
		3515398519BC810B002BE0B9 /* KeyValueTableViewController.h */ = {isa = PBXFileReference; fileEncoding = 4; lastKnownFileType = sourcecode.c.h; name = KeyValueTableViewController.h; path = NextIdentity/KeyValueTableViewController.h; sourceTree = "<group>"; };
		3515398619BC810B002BE0B9 /* KeyValueTableViewController.m */ = {isa = PBXFileReference; fileEncoding = 4; lastKnownFileType = sourcecode.c.objc; name = KeyValueTableViewController.m; path = NextIdentity/KeyValueTableViewController.m; sourceTree = "<group>"; };
		3515398719BC810B002BE0B9 /* NavigationController.h */ = {isa = PBXFileReference; fileEncoding = 4; lastKnownFileType = sourcecode.c.h; name = NavigationController.h; path = NextIdentity/NavigationController.h; sourceTree = "<group>"; };
		3515398819BC810B002BE0B9 /* NavigationController.m */ = {isa = PBXFileReference; fileEncoding = 4; lastKnownFileType = sourcecode.c.objc; name = NavigationController.m; path = NextIdentity/NavigationController.m; sourceTree = "<group>"; };
		3515398919BC810B002BE0B9 /* TextFieldTableViewCell.h */ = {isa = PBXFileReference; fileEncoding = 4; lastKnownFileType = sourcecode.c.h; name = TextFieldTableViewCell.h; path = NextIdentity/TextFieldTableViewCell.h; sourceTree = "<group>"; };
		3515398A19BC810B002BE0B9 /* TextFieldTableViewCell.m */ = {isa = PBXFileReference; fileEncoding = 4; lastKnownFileType = sourcecode.c.objc; name = TextFieldTableViewCell.m; path = NextIdentity/TextFieldTableViewCell.m; sourceTree = "<group>"; };
		3515398B19BC810B002BE0B9 /* TouchTableView.h */ = {isa = PBXFileReference; fileEncoding = 4; lastKnownFileType = sourcecode.c.h; name = TouchTableView.h; path = NextIdentity/TouchTableView.h; sourceTree = "<group>"; };
		3515398C19BC810B002BE0B9 /* TouchTableView.m */ = {isa = PBXFileReference; fileEncoding = 4; lastKnownFileType = sourcecode.c.objc; name = TouchTableView.m; path = NextIdentity/TouchTableView.m; sourceTree = "<group>"; };
		3515399119BC8127002BE0B9 /* TencentOpenApi_IOS_Bundle.bundle */ = {isa = PBXFileReference; lastKnownFileType = "wrapper.plug-in"; name = TencentOpenApi_IOS_Bundle.bundle; path = NextIdentity/TencentSDK/TencentOpenApi_IOS_Bundle.bundle; sourceTree = "<group>"; };
		3515399219BC8127002BE0B9 /* TencentOpenAPI.framework */ = {isa = PBXFileReference; lastKnownFileType = wrapper.framework; name = TencentOpenAPI.framework; path = NextIdentity/TencentSDK/TencentOpenAPI.framework; sourceTree = "<group>"; };
		3515399E19BC8294002BE0B9 /* libWeChatSDK.a */ = {isa = PBXFileReference; lastKnownFileType = archive.ar; path = libWeChatSDK.a; sourceTree = "<group>"; };
		3515399F19BC8294002BE0B9 /* WXApi.h */ = {isa = PBXFileReference; fileEncoding = 4; lastKnownFileType = sourcecode.c.h; path = WXApi.h; sourceTree = "<group>"; };
		351539A019BC8294002BE0B9 /* WXApiObject.h */ = {isa = PBXFileReference; fileEncoding = 4; lastKnownFileType = sourcecode.c.h; path = WXApiObject.h; sourceTree = "<group>"; };
		351539A319BC82A6002BE0B9 /* libWeiboSDK.a */ = {isa = PBXFileReference; lastKnownFileType = archive.ar; path = libWeiboSDK.a; sourceTree = "<group>"; };
		351539A419BC82A6002BE0B9 /* WeiboSDK.bundle */ = {isa = PBXFileReference; lastKnownFileType = "wrapper.plug-in"; path = WeiboSDK.bundle; sourceTree = "<group>"; };
		351539A519BC82A6002BE0B9 /* WeiboSDK.h */ = {isa = PBXFileReference; fileEncoding = 4; lastKnownFileType = sourcecode.c.h; path = WeiboSDK.h; sourceTree = "<group>"; };
		3517745F19B3693F00AECE17 /* DoubanLogonViewController.h */ = {isa = PBXFileReference; fileEncoding = 4; lastKnownFileType = sourcecode.c.h; path = DoubanLogonViewController.h; sourceTree = "<group>"; };
		3517746019B3693F00AECE17 /* DoubanLogonViewController.m */ = {isa = PBXFileReference; fileEncoding = 4; lastKnownFileType = sourcecode.c.objc; path = DoubanLogonViewController.m; sourceTree = "<group>"; };
		3517746219B3701E00AECE17 /* URLRequestHandler.h */ = {isa = PBXFileReference; fileEncoding = 4; lastKnownFileType = sourcecode.c.h; name = URLRequestHandler.h; path = NextIdentity/URLRequestHandler.h; sourceTree = "<group>"; };
		3517746319B3701E00AECE17 /* URLRequestHandler.m */ = {isa = PBXFileReference; fileEncoding = 4; lastKnownFileType = sourcecode.c.objc; name = URLRequestHandler.m; path = NextIdentity/URLRequestHandler.m; sourceTree = "<group>"; };
		3517747019B4BA6600AECE17 /* SinaWeiboLogonController.h */ = {isa = PBXFileReference; fileEncoding = 4; lastKnownFileType = sourcecode.c.h; path = SinaWeiboLogonController.h; sourceTree = "<group>"; };
		3517747119B4BA6600AECE17 /* SinaWeiboLogonController.m */ = {isa = PBXFileReference; fileEncoding = 4; lastKnownFileType = sourcecode.c.objc; path = SinaWeiboLogonController.m; sourceTree = "<group>"; };
		3517747719B5FB1000AECE17 /* TencentLogonController.h */ = {isa = PBXFileReference; fileEncoding = 4; lastKnownFileType = sourcecode.c.h; path = TencentLogonController.h; sourceTree = "<group>"; };
		3517747819B5FB1000AECE17 /* TencentLogonController.m */ = {isa = PBXFileReference; fileEncoding = 4; lastKnownFileType = sourcecode.c.objc; path = TencentLogonController.m; sourceTree = "<group>"; };
		3517748419B6058C00AECE17 /* CoreTelephony.framework */ = {isa = PBXFileReference; lastKnownFileType = wrapper.framework; name = CoreTelephony.framework; path = System/Library/Frameworks/CoreTelephony.framework; sourceTree = SDKROOT; };
		3517748619B6059B00AECE17 /* SystemConfiguration.framework */ = {isa = PBXFileReference; lastKnownFileType = wrapper.framework; name = SystemConfiguration.framework; path = System/Library/Frameworks/SystemConfiguration.framework; sourceTree = SDKROOT; };
		3517748819B605AD00AECE17 /* CoreFoundation.framework */ = {isa = PBXFileReference; lastKnownFileType = wrapper.framework; name = CoreFoundation.framework; path = System/Library/Frameworks/CoreFoundation.framework; sourceTree = SDKROOT; };
		3517748A19B605BF00AECE17 /* Security.framework */ = {isa = PBXFileReference; lastKnownFileType = wrapper.framework; name = Security.framework; path = System/Library/Frameworks/Security.framework; sourceTree = SDKROOT; };
		3517748E19B6080400AECE17 /* libz.1.1.3.dylib */ = {isa = PBXFileReference; lastKnownFileType = "compiled.mach-o.dylib"; name = libz.1.1.3.dylib; path = usr/lib/libz.1.1.3.dylib; sourceTree = SDKROOT; };
		3517749019B6081500AECE17 /* libstdc++.6.0.9.dylib */ = {isa = PBXFileReference; lastKnownFileType = "compiled.mach-o.dylib"; name = "libstdc++.6.0.9.dylib"; path = "usr/lib/libstdc++.6.0.9.dylib"; sourceTree = SDKROOT; };
		3517749219B6082F00AECE17 /* libsqlite3.0.dylib */ = {isa = PBXFileReference; lastKnownFileType = "compiled.mach-o.dylib"; name = libsqlite3.0.dylib; path = usr/lib/libsqlite3.0.dylib; sourceTree = SDKROOT; };
		3517749919B88A9100AECE17 /* HomeViewController.h */ = {isa = PBXFileReference; fileEncoding = 4; lastKnownFileType = sourcecode.c.h; name = HomeViewController.h; path = NextIdentity/HomeViewController.h; sourceTree = "<group>"; };
		3517749A19B88A9100AECE17 /* HomeViewController.m */ = {isa = PBXFileReference; fileEncoding = 4; lastKnownFileType = sourcecode.c.objc; name = HomeViewController.m; path = NextIdentity/HomeViewController.m; sourceTree = "<group>"; };
		3517749C19B891EE00AECE17 /* VendorCollectionViewController.h */ = {isa = PBXFileReference; fileEncoding = 4; lastKnownFileType = sourcecode.c.h; name = VendorCollectionViewController.h; path = NextIdentity/VendorCollectionViewController.h; sourceTree = "<group>"; };
		3517749D19B891EE00AECE17 /* VendorCollectionViewController.m */ = {isa = PBXFileReference; fileEncoding = 4; lastKnownFileType = sourcecode.c.objc; name = VendorCollectionViewController.m; path = NextIdentity/VendorCollectionViewController.m; sourceTree = "<group>"; };
		3517749F19B8953700AECE17 /* VendorCollectionViewCell.h */ = {isa = PBXFileReference; fileEncoding = 4; lastKnownFileType = sourcecode.c.h; name = VendorCollectionViewCell.h; path = NextIdentity/VendorCollectionViewCell.h; sourceTree = "<group>"; };
		351774A019B8953700AECE17 /* VendorCollectionViewCell.m */ = {isa = PBXFileReference; fileEncoding = 4; lastKnownFileType = sourcecode.c.objc; name = VendorCollectionViewCell.m; path = NextIdentity/VendorCollectionViewCell.m; sourceTree = "<group>"; };
		351774A219B8A11D00AECE17 /* AssetType.plist */ = {isa = PBXFileReference; fileEncoding = 4; lastKnownFileType = text.plist.xml; name = AssetType.plist; path = NextIdentity/AssetType.plist; sourceTree = "<group>"; };
		356B507E19B9F02800DC5874 /* qq.png */ = {isa = PBXFileReference; lastKnownFileType = image.png; name = qq.png; path = res/qq.png; sourceTree = "<group>"; };
		356B507F19B9F02800DC5874 /* service.png */ = {isa = PBXFileReference; lastKnownFileType = image.png; name = service.png; path = res/service.png; sourceTree = "<group>"; };
		356B508019B9F02800DC5874 /* setting.png */ = {isa = PBXFileReference; lastKnownFileType = image.png; name = setting.png; path = res/setting.png; sourceTree = "<group>"; };
		356B508219B9F02800DC5874 /* sina.png */ = {isa = PBXFileReference; lastKnownFileType = image.png; name = sina.png; path = res/sina.png; sourceTree = "<group>"; };
		356B508319B9F02800DC5874 /* taobao.png */ = {isa = PBXFileReference; lastKnownFileType = image.png; name = taobao.png; path = res/taobao.png; sourceTree = "<group>"; };
		356B508419B9F02800DC5874 /* wechat.png */ = {isa = PBXFileReference; lastKnownFileType = image.png; name = wechat.png; path = res/wechat.png; sourceTree = "<group>"; };
		356B508D19B9F08300DC5874 /* linkedin.png */ = {isa = PBXFileReference; lastKnownFileType = image.png; name = linkedin.png; path = res/linkedin.png; sourceTree = "<group>"; };
		356B508E19B9F08300DC5874 /* money.png */ = {isa = PBXFileReference; lastKnownFileType = image.png; name = money.png; path = res/money.png; sourceTree = "<group>"; };
		356B509219B9F14A00DC5874 /* money@2x.png */ = {isa = PBXFileReference; lastKnownFileType = image.png; name = "money@2x.png"; path = "res/money@2x.png"; sourceTree = "<group>"; };
		356B509319B9F14A00DC5874 /* service@2x.png */ = {isa = PBXFileReference; lastKnownFileType = image.png; name = "service@2x.png"; path = "res/service@2x.png"; sourceTree = "<group>"; };
		356B509419B9F14A00DC5874 /* setting@2x.png */ = {isa = PBXFileReference; lastKnownFileType = image.png; name = "setting@2x.png"; path = "res/setting@2x.png"; sourceTree = "<group>"; };
		356B509A19B9F30D00DC5874 /* PNBar.h */ = {isa = PBXFileReference; fileEncoding = 4; lastKnownFileType = sourcecode.c.h; name = PNBar.h; path = NextIdentity/PNChart/PNBar.h; sourceTree = "<group>"; };
		356B509B19B9F30D00DC5874 /* PNBar.m */ = {isa = PBXFileReference; fileEncoding = 4; lastKnownFileType = sourcecode.c.objc; name = PNBar.m; path = NextIdentity/PNChart/PNBar.m; sourceTree = "<group>"; };
		356B509C19B9F30D00DC5874 /* PNBarChart.h */ = {isa = PBXFileReference; fileEncoding = 4; lastKnownFileType = sourcecode.c.h; name = PNBarChart.h; path = NextIdentity/PNChart/PNBarChart.h; sourceTree = "<group>"; };
		356B509D19B9F30D00DC5874 /* PNBarChart.m */ = {isa = PBXFileReference; fileEncoding = 4; lastKnownFileType = sourcecode.c.objc; name = PNBarChart.m; path = NextIdentity/PNChart/PNBarChart.m; sourceTree = "<group>"; };
		356B509E19B9F30D00DC5874 /* PNChart.h */ = {isa = PBXFileReference; fileEncoding = 4; lastKnownFileType = sourcecode.c.h; name = PNChart.h; path = NextIdentity/PNChart/PNChart.h; sourceTree = "<group>"; };
		356B509F19B9F30D00DC5874 /* PNChart.m */ = {isa = PBXFileReference; fileEncoding = 4; lastKnownFileType = sourcecode.c.objc; name = PNChart.m; path = NextIdentity/PNChart/PNChart.m; sourceTree = "<group>"; };
		356B50A019B9F30D00DC5874 /* PNChartLabel.h */ = {isa = PBXFileReference; fileEncoding = 4; lastKnownFileType = sourcecode.c.h; name = PNChartLabel.h; path = NextIdentity/PNChart/PNChartLabel.h; sourceTree = "<group>"; };
		356B50A119B9F30D00DC5874 /* PNChartLabel.m */ = {isa = PBXFileReference; fileEncoding = 4; lastKnownFileType = sourcecode.c.objc; name = PNChartLabel.m; path = NextIdentity/PNChart/PNChartLabel.m; sourceTree = "<group>"; };
		356B50A219B9F30D00DC5874 /* PNCircleChart.h */ = {isa = PBXFileReference; fileEncoding = 4; lastKnownFileType = sourcecode.c.h; name = PNCircleChart.h; path = NextIdentity/PNChart/PNCircleChart.h; sourceTree = "<group>"; };
		356B50A319B9F30D00DC5874 /* PNCircleChart.m */ = {isa = PBXFileReference; fileEncoding = 4; lastKnownFileType = sourcecode.c.objc; name = PNCircleChart.m; path = NextIdentity/PNChart/PNCircleChart.m; sourceTree = "<group>"; };
		356B50A419B9F30D00DC5874 /* PNColor.h */ = {isa = PBXFileReference; fileEncoding = 4; lastKnownFileType = sourcecode.c.h; name = PNColor.h; path = NextIdentity/PNChart/PNColor.h; sourceTree = "<group>"; };
		356B50A519B9F30D00DC5874 /* PNColor.m */ = {isa = PBXFileReference; fileEncoding = 4; lastKnownFileType = sourcecode.c.objc; name = PNColor.m; path = NextIdentity/PNChart/PNColor.m; sourceTree = "<group>"; };
		356B50A619B9F30D00DC5874 /* PNLineChart.h */ = {isa = PBXFileReference; fileEncoding = 4; lastKnownFileType = sourcecode.c.h; name = PNLineChart.h; path = NextIdentity/PNChart/PNLineChart.h; sourceTree = "<group>"; };
		356B50A719B9F30D00DC5874 /* PNLineChart.m */ = {isa = PBXFileReference; fileEncoding = 4; lastKnownFileType = sourcecode.c.objc; name = PNLineChart.m; path = NextIdentity/PNChart/PNLineChart.m; sourceTree = "<group>"; };
		356B50A819B9F30D00DC5874 /* PNPieChart.h */ = {isa = PBXFileReference; fileEncoding = 4; lastKnownFileType = sourcecode.c.h; name = PNPieChart.h; path = NextIdentity/PNChart/PNPieChart.h; sourceTree = "<group>"; };
		356B50A919B9F30D00DC5874 /* PNPieChart.m */ = {isa = PBXFileReference; fileEncoding = 4; lastKnownFileType = sourcecode.c.objc; name = PNPieChart.m; path = NextIdentity/PNChart/PNPieChart.m; sourceTree = "<group>"; };
		356B50AA19B9F30D00DC5874 /* PNPieChartDataItem.h */ = {isa = PBXFileReference; fileEncoding = 4; lastKnownFileType = sourcecode.c.h; name = PNPieChartDataItem.h; path = NextIdentity/PNChart/PNPieChartDataItem.h; sourceTree = "<group>"; };
		356B50AB19B9F30D00DC5874 /* PNPieChartDataItem.m */ = {isa = PBXFileReference; fileEncoding = 4; lastKnownFileType = sourcecode.c.objc; name = PNPieChartDataItem.m; path = NextIdentity/PNChart/PNPieChartDataItem.m; sourceTree = "<group>"; };
		356B50AD19B9F30D00DC5874 /* UICountingLabel.h */ = {isa = PBXFileReference; fileEncoding = 4; lastKnownFileType = sourcecode.c.h; path = UICountingLabel.h; sourceTree = "<group>"; };
		356B50AE19B9F30D00DC5874 /* UICountingLabel.m */ = {isa = PBXFileReference; fileEncoding = 4; lastKnownFileType = sourcecode.c.objc; path = UICountingLabel.m; sourceTree = "<group>"; };
		356B9CAB19BD9342002F3794 /* ChartView.h */ = {isa = PBXFileReference; fileEncoding = 4; lastKnownFileType = sourcecode.c.h; name = ChartView.h; path = NextIdentity/ChartView.h; sourceTree = "<group>"; };
		356B9CAC19BD9342002F3794 /* ChartView.m */ = {isa = PBXFileReference; fileEncoding = 4; lastKnownFileType = sourcecode.c.objc; name = ChartView.m; path = NextIdentity/ChartView.m; sourceTree = "<group>"; };
		356B9CAE19BD9FC1002F3794 /* AssetTotalViewController.h */ = {isa = PBXFileReference; fileEncoding = 4; lastKnownFileType = sourcecode.c.h; name = AssetTotalViewController.h; path = NextIdentity/AssetTotalViewController.h; sourceTree = "<group>"; };
		356B9CAF19BD9FC1002F3794 /* AssetTotalViewController.m */ = {isa = PBXFileReference; fileEncoding = 4; lastKnownFileType = sourcecode.c.objc; name = AssetTotalViewController.m; path = NextIdentity/AssetTotalViewController.m; sourceTree = "<group>"; };
		356B9CB119BDA362002F3794 /* DetailTableViewController.h */ = {isa = PBXFileReference; fileEncoding = 4; lastKnownFileType = sourcecode.c.h; name = DetailTableViewController.h; path = NextIdentity/DetailTableViewController.h; sourceTree = "<group>"; };
		356B9CB219BDA362002F3794 /* DetailTableViewController.m */ = {isa = PBXFileReference; fileEncoding = 4; lastKnownFileType = sourcecode.c.objc; name = DetailTableViewController.m; path = NextIdentity/DetailTableViewController.m; sourceTree = "<group>"; };
		356B9CB419BDB4F5002F3794 /* AssetRankingViewController.h */ = {isa = PBXFileReference; fileEncoding = 4; lastKnownFileType = sourcecode.c.h; name = AssetRankingViewController.h; path = NextIdentity/AssetRankingViewController.h; sourceTree = "<group>"; };
		356B9CB519BDB4F5002F3794 /* AssetRankingViewController.m */ = {isa = PBXFileReference; fileEncoding = 4; lastKnownFileType = sourcecode.c.objc; name = AssetRankingViewController.m; path = NextIdentity/AssetRankingViewController.m; sourceTree = "<group>"; };
		359AD86819B2F15B00E191A1 /* DigitalAssets.app */ = {isa = PBXFileReference; explicitFileType = wrapper.application; includeInIndex = 0; path = DigitalAssets.app; sourceTree = BUILT_PRODUCTS_DIR; };
		359AD86B19B2F15B00E191A1 /* Foundation.framework */ = {isa = PBXFileReference; lastKnownFileType = wrapper.framework; name = Foundation.framework; path = System/Library/Frameworks/Foundation.framework; sourceTree = SDKROOT; };
		359AD86D19B2F15B00E191A1 /* CoreGraphics.framework */ = {isa = PBXFileReference; lastKnownFileType = wrapper.framework; name = CoreGraphics.framework; path = System/Library/Frameworks/CoreGraphics.framework; sourceTree = SDKROOT; };
		359AD86F19B2F15B00E191A1 /* UIKit.framework */ = {isa = PBXFileReference; lastKnownFileType = wrapper.framework; name = UIKit.framework; path = System/Library/Frameworks/UIKit.framework; sourceTree = SDKROOT; };
		359AD87319B2F15B00E191A1 /* NextIdentity-Info.plist */ = {isa = PBXFileReference; lastKnownFileType = text.plist.xml; path = "NextIdentity-Info.plist"; sourceTree = "<group>"; };
		359AD87519B2F15B00E191A1 /* en */ = {isa = PBXFileReference; lastKnownFileType = text.plist.strings; name = en; path = en.lproj/InfoPlist.strings; sourceTree = "<group>"; };
		359AD87719B2F15B00E191A1 /* main.m */ = {isa = PBXFileReference; lastKnownFileType = sourcecode.c.objc; path = main.m; sourceTree = "<group>"; };
		359AD87919B2F15B00E191A1 /* NextIdentity-Prefix.pch */ = {isa = PBXFileReference; lastKnownFileType = sourcecode.c.h; path = "NextIdentity-Prefix.pch"; sourceTree = "<group>"; };
		359AD87A19B2F15B00E191A1 /* AppDelegate.h */ = {isa = PBXFileReference; lastKnownFileType = sourcecode.c.h; name = AppDelegate.h; path = NextIdentity/AppDelegate.h; sourceTree = "<group>"; };
		359AD87B19B2F15B00E191A1 /* AppDelegate.m */ = {isa = PBXFileReference; lastKnownFileType = sourcecode.c.objc; name = AppDelegate.m; path = NextIdentity/AppDelegate.m; sourceTree = "<group>"; };
		359AD87E19B2F15B00E191A1 /* Base */ = {isa = PBXFileReference; lastKnownFileType = file.storyboard; name = Base; path = Base.lproj/Main.storyboard; sourceTree = "<group>"; };
		359AD88319B2F15B00E191A1 /* Images.xcassets */ = {isa = PBXFileReference; lastKnownFileType = folder.assetcatalog; name = Images.xcassets; path = NextIdentity/Images.xcassets; sourceTree = "<group>"; };
		359AD88919B2F15B00E191A1 /* DigitalAssetsTests.xctest */ = {isa = PBXFileReference; explicitFileType = wrapper.cfbundle; includeInIndex = 0; path = DigitalAssetsTests.xctest; sourceTree = BUILT_PRODUCTS_DIR; };
		359AD88A19B2F15B00E191A1 /* XCTest.framework */ = {isa = PBXFileReference; lastKnownFileType = wrapper.framework; name = XCTest.framework; path = Library/Frameworks/XCTest.framework; sourceTree = DEVELOPER_DIR; };
		359AD89219B2F15B00E191A1 /* NextIdentityTests-Info.plist */ = {isa = PBXFileReference; lastKnownFileType = text.plist.xml; path = "NextIdentityTests-Info.plist"; sourceTree = "<group>"; };
		359AD89419B2F15B00E191A1 /* en */ = {isa = PBXFileReference; lastKnownFileType = text.plist.strings; name = en; path = en.lproj/InfoPlist.strings; sourceTree = "<group>"; };
		359AD89619B2F15B00E191A1 /* NextIdentityTests.m */ = {isa = PBXFileReference; lastKnownFileType = sourcecode.c.objc; path = NextIdentityTests.m; sourceTree = "<group>"; };
		359AD8A019B2FC9600E191A1 /* AssetDetailViewController.h */ = {isa = PBXFileReference; fileEncoding = 4; lastKnownFileType = sourcecode.c.h; name = AssetDetailViewController.h; path = NextIdentity/AssetDetailViewController.h; sourceTree = "<group>"; };
		359AD8A119B2FC9600E191A1 /* AssetDetailViewController.m */ = {isa = PBXFileReference; fileEncoding = 4; lastKnownFileType = sourcecode.c.objc; name = AssetDetailViewController.m; path = NextIdentity/AssetDetailViewController.m; sourceTree = "<group>"; };
		359AD8A319B307AE00E191A1 /* VendorLogonViewController.h */ = {isa = PBXFileReference; fileEncoding = 4; lastKnownFileType = sourcecode.c.h; name = VendorLogonViewController.h; path = NextIdentity/VendorLogonViewController.h; sourceTree = "<group>"; };
		359AD8A419B307AE00E191A1 /* VendorLogonViewController.m */ = {isa = PBXFileReference; fileEncoding = 4; lastKnownFileType = sourcecode.c.objc; name = VendorLogonViewController.m; path = NextIdentity/VendorLogonViewController.m; sourceTree = "<group>"; };
		359B5F9619B40CD600DEB0E7 /* NSAssetModel.h */ = {isa = PBXFileReference; fileEncoding = 4; lastKnownFileType = sourcecode.c.h; path = NSAssetModel.h; sourceTree = "<group>"; };
		359B5F9719B40CD600DEB0E7 /* NSAssetModel.m */ = {isa = PBXFileReference; fileEncoding = 4; lastKnownFileType = sourcecode.c.objc; path = NSAssetModel.m; sourceTree = "<group>"; };
		359B5FA019B56B3000DEB0E7 /* douban.png */ = {isa = PBXFileReference; lastKnownFileType = image.png; name = douban.png; path = res/douban.png; sourceTree = "<group>"; };
		359B5FA119B56B3000DEB0E7 /* sina.png */ = {isa = PBXFileReference; lastKnownFileType = image.png; name = sina.png; path = res/sina.png; sourceTree = "<group>"; };
		359B5FA619B5AB5500DEB0E7 /* TaobaoLogonViewController.h */ = {isa = PBXFileReference; fileEncoding = 4; lastKnownFileType = sourcecode.c.h; path = TaobaoLogonViewController.h; sourceTree = "<group>"; };
		359B5FA719B5AB5500DEB0E7 /* TaobaoLogonViewController.m */ = {isa = PBXFileReference; fileEncoding = 4; lastKnownFileType = sourcecode.c.objc; path = TaobaoLogonViewController.m; sourceTree = "<group>"; };
		359B5FB219B5D01400DEB0E7 /* taobao.png */ = {isa = PBXFileReference; lastKnownFileType = image.png; name = taobao.png; path = res/taobao.png; sourceTree = "<group>"; };
		35ABAEB119BEE909003D3504 /* LinkedInLogonViewController.h */ = {isa = PBXFileReference; fileEncoding = 4; lastKnownFileType = sourcecode.c.h; path = LinkedInLogonViewController.h; sourceTree = "<group>"; };
		35ABAEB219BEE909003D3504 /* LinkedInLogonViewController.m */ = {isa = PBXFileReference; fileEncoding = 4; lastKnownFileType = sourcecode.c.objc; path = LinkedInLogonViewController.m; sourceTree = "<group>"; };
		35ABAEB419C0246E003D3504 /* Utility.h */ = {isa = PBXFileReference; fileEncoding = 4; lastKnownFileType = sourcecode.c.h; name = Utility.h; path = NextIdentity/Utility.h; sourceTree = "<group>"; };
		35ABAEB519C0246E003D3504 /* Utility.m */ = {isa = PBXFileReference; fileEncoding = 4; lastKnownFileType = sourcecode.c.objc; name = Utility.m; path = NextIdentity/Utility.m; sourceTree = "<group>"; };
/* End PBXFileReference section */

/* Begin PBXFrameworksBuildPhase section */
		359AD86519B2F15B00E191A1 /* Frameworks */ = {
			isa = PBXFrameworksBuildPhase;
			buildActionMask = 2147483647;
			files = (
				3517749319B6082F00AECE17 /* libsqlite3.0.dylib in Frameworks */,
				3517749119B6081500AECE17 /* libstdc++.6.0.9.dylib in Frameworks */,
				3517748F19B6080400AECE17 /* libz.1.1.3.dylib in Frameworks */,
				3517748B19B605BF00AECE17 /* Security.framework in Frameworks */,
				351539A119BC8294002BE0B9 /* libWeChatSDK.a in Frameworks */,
				3515399419BC8127002BE0B9 /* TencentOpenAPI.framework in Frameworks */,
				3517748919B605AD00AECE17 /* CoreFoundation.framework in Frameworks */,
				3517748719B6059B00AECE17 /* SystemConfiguration.framework in Frameworks */,
				351539A619BC82A6002BE0B9 /* libWeiboSDK.a in Frameworks */,
				3517748519B6058C00AECE17 /* CoreTelephony.framework in Frameworks */,
				359AD86E19B2F15B00E191A1 /* CoreGraphics.framework in Frameworks */,
				359AD87019B2F15B00E191A1 /* UIKit.framework in Frameworks */,
				359AD86C19B2F15B00E191A1 /* Foundation.framework in Frameworks */,
			);
			runOnlyForDeploymentPostprocessing = 0;
		};
		359AD88619B2F15B00E191A1 /* Frameworks */ = {
			isa = PBXFrameworksBuildPhase;
			buildActionMask = 2147483647;
			files = (
				359AD88B19B2F15B00E191A1 /* XCTest.framework in Frameworks */,
				359AD88D19B2F15B00E191A1 /* UIKit.framework in Frameworks */,
				359AD88C19B2F15B00E191A1 /* Foundation.framework in Frameworks */,
			);
			runOnlyForDeploymentPostprocessing = 0;
		};
/* End PBXFrameworksBuildPhase section */

/* Begin PBXGroup section */
		3515395319BB0BCE002BE0B9 /* BaseControl */ = {
			isa = PBXGroup;
			children = (
				3515398519BC810B002BE0B9 /* KeyValueTableViewController.h */,
				3515398619BC810B002BE0B9 /* KeyValueTableViewController.m */,
				3515398719BC810B002BE0B9 /* NavigationController.h */,
				3515398819BC810B002BE0B9 /* NavigationController.m */,
				3515398919BC810B002BE0B9 /* TextFieldTableViewCell.h */,
				3515398A19BC810B002BE0B9 /* TextFieldTableViewCell.m */,
				3515398B19BC810B002BE0B9 /* TouchTableView.h */,
				3515398C19BC810B002BE0B9 /* TouchTableView.m */,
				3517746219B3701E00AECE17 /* URLRequestHandler.h */,
				3517746319B3701E00AECE17 /* URLRequestHandler.m */,
				356B9CAB19BD9342002F3794 /* ChartView.h */,
				356B9CAC19BD9342002F3794 /* ChartView.m */,
				356B9CB119BDA362002F3794 /* DetailTableViewController.h */,
				356B9CB219BDA362002F3794 /* DetailTableViewController.m */,
				359AD8A319B307AE00E191A1 /* VendorLogonViewController.h */,
				359AD8A419B307AE00E191A1 /* VendorLogonViewController.m */,
				35ABAEB419C0246E003D3504 /* Utility.h */,
				35ABAEB519C0246E003D3504 /* Utility.m */,
			);
			name = BaseControl;
			sourceTree = "<group>";
		};
		3515396C19BC7E73002BE0B9 /* Logon */ = {
			isa = PBXGroup;
			children = (
				3515397C19BC80ED002BE0B9 /* NewUserTableViewController.h */,
				3515397D19BC80ED002BE0B9 /* NewUserTableViewController.m */,
				3515397E19BC80ED002BE0B9 /* RegisterViewController.h */,
				3515397F19BC80ED002BE0B9 /* RegisterViewController.m */,
				3515398019BC80ED002BE0B9 /* UserLogonTableViewController.h */,
				3515398119BC80ED002BE0B9 /* UserLogonTableViewController.m */,
			);
			name = Logon;
			sourceTree = "<group>";
		};
		3515396D19BC7E8B002BE0B9 /* Settings */ = {
			isa = PBXGroup;
			children = (
				3515397319BC80CD002BE0B9 /* ChangeProfileTableViewController.h */,
				3515397419BC80CD002BE0B9 /* ChangeProfileTableViewController.m */,
				3515397519BC80CD002BE0B9 /* ChangePwdTableViewController.h */,
				3515397619BC80CD002BE0B9 /* ChangePwdTableViewController.m */,
				3515397719BC80CD002BE0B9 /* SettingTableViewController.h */,
				3515397819BC80CD002BE0B9 /* SettingTableViewController.m */,
			);
			name = Settings;
			sourceTree = "<group>";
		};
		3515396E19BC7E9F002BE0B9 /* Serivces */ = {
			isa = PBXGroup;
			children = (
				3515397019BC80B8002BE0B9 /* ServiceTableViewController.h */,
				3515397119BC80B8002BE0B9 /* ServiceTableViewController.m */,
				359AD8A019B2FC9600E191A1 /* AssetDetailViewController.h */,
				359AD8A119B2FC9600E191A1 /* AssetDetailViewController.m */,
				356B9CAE19BD9FC1002F3794 /* AssetTotalViewController.h */,
				356B9CAF19BD9FC1002F3794 /* AssetTotalViewController.m */,
				356B9CB419BDB4F5002F3794 /* AssetRankingViewController.h */,
				356B9CB519BDB4F5002F3794 /* AssetRankingViewController.m */,
			);
			name = Serivces;
			sourceTree = "<group>";
		};
		3515396F19BC7EAD002BE0B9 /* Home */ = {
			isa = PBXGroup;
			children = (
				3517749919B88A9100AECE17 /* HomeViewController.h */,
				3517749A19B88A9100AECE17 /* HomeViewController.m */,
				3517749C19B891EE00AECE17 /* VendorCollectionViewController.h */,
				3517749D19B891EE00AECE17 /* VendorCollectionViewController.m */,
				3517749F19B8953700AECE17 /* VendorCollectionViewCell.h */,
				351774A019B8953700AECE17 /* VendorCollectionViewCell.m */,
			);
			name = Home;
			sourceTree = "<group>";
		};
		3515399D19BC8294002BE0B9 /* WechatSDK */ = {
			isa = PBXGroup;
			children = (
				3515399E19BC8294002BE0B9 /* libWeChatSDK.a */,
				3515399F19BC8294002BE0B9 /* WXApi.h */,
				351539A019BC8294002BE0B9 /* WXApiObject.h */,
			);
			name = WechatSDK;
			path = NextIdentity/WechatSDK;
			sourceTree = "<group>";
		};
		351539A219BC82A6002BE0B9 /* SinaWeiboSDK */ = {
			isa = PBXGroup;
			children = (
				351539A319BC82A6002BE0B9 /* libWeiboSDK.a */,
				351539A419BC82A6002BE0B9 /* WeiboSDK.bundle */,
				351539A519BC82A6002BE0B9 /* WeiboSDK.h */,
			);
			name = SinaWeiboSDK;
			path = NextIdentity/SinaWeiboSDK;
			sourceTree = "<group>";
		};
		356B509819B9F2C100DC5874 /* DigitalAssets */ = {
			isa = PBXGroup;
			children = (
				3515396F19BC7EAD002BE0B9 /* Home */,
				3515396E19BC7E9F002BE0B9 /* Serivces */,
				3515396D19BC7E8B002BE0B9 /* Settings */,
				3515396C19BC7E73002BE0B9 /* Logon */,
				3515395319BB0BCE002BE0B9 /* BaseControl */,
				356B509919B9F2EB00DC5874 /* PNChart */,
				359B5FAD19B5CC0C00DEB0E7 /* LogonViewController */,
				359B5FAC19B5CBFC00DEB0E7 /* Model */,
				359AD87A19B2F15B00E191A1 /* AppDelegate.h */,
				359AD87B19B2F15B00E191A1 /* AppDelegate.m */,
				359AD88319B2F15B00E191A1 /* Images.xcassets */,
				351774A219B8A11D00AECE17 /* AssetType.plist */,
				359AD87D19B2F15B00E191A1 /* Main.storyboard */,
				359AD87219B2F15B00E191A1 /* Supporting Files */,
			);
			name = DigitalAssets;
			sourceTree = "<group>";
		};
		356B509919B9F2EB00DC5874 /* PNChart */ = {
			isa = PBXGroup;
			children = (
				356B509A19B9F30D00DC5874 /* PNBar.h */,
				356B509B19B9F30D00DC5874 /* PNBar.m */,
				356B509C19B9F30D00DC5874 /* PNBarChart.h */,
				356B509D19B9F30D00DC5874 /* PNBarChart.m */,
				356B509E19B9F30D00DC5874 /* PNChart.h */,
				356B509F19B9F30D00DC5874 /* PNChart.m */,
				356B50A019B9F30D00DC5874 /* PNChartLabel.h */,
				356B50A119B9F30D00DC5874 /* PNChartLabel.m */,
				356B50A219B9F30D00DC5874 /* PNCircleChart.h */,
				356B50A319B9F30D00DC5874 /* PNCircleChart.m */,
				356B50A419B9F30D00DC5874 /* PNColor.h */,
				356B50A519B9F30D00DC5874 /* PNColor.m */,
				356B50A619B9F30D00DC5874 /* PNLineChart.h */,
				356B50A719B9F30D00DC5874 /* PNLineChart.m */,
				356B50A819B9F30D00DC5874 /* PNPieChart.h */,
				356B50A919B9F30D00DC5874 /* PNPieChart.m */,
				356B50AA19B9F30D00DC5874 /* PNPieChartDataItem.h */,
				356B50AB19B9F30D00DC5874 /* PNPieChartDataItem.m */,
				356B50AC19B9F30D00DC5874 /* ThirdPart */,
			);
			name = PNChart;
			sourceTree = "<group>";
		};
		356B50AC19B9F30D00DC5874 /* ThirdPart */ = {
			isa = PBXGroup;
			children = (
				356B50AD19B9F30D00DC5874 /* UICountingLabel.h */,
				356B50AE19B9F30D00DC5874 /* UICountingLabel.m */,
			);
			name = ThirdPart;
			path = NextIdentity/PNChart/ThirdPart;
			sourceTree = "<group>";
		};
		359AD85F19B2F15B00E191A1 = {
			isa = PBXGroup;
			children = (
				356B509819B9F2C100DC5874 /* DigitalAssets */,
				359AD89019B2F15B00E191A1 /* DigitalAssetsTests */,
				359AD86A19B2F15B00E191A1 /* Frameworks */,
				359AD86919B2F15B00E191A1 /* Products */,
			);
			sourceTree = "<group>";
		};
		359AD86919B2F15B00E191A1 /* Products */ = {
			isa = PBXGroup;
			children = (
				359AD86819B2F15B00E191A1 /* DigitalAssets.app */,
				359AD88919B2F15B00E191A1 /* DigitalAssetsTests.xctest */,
			);
			name = Products;
			sourceTree = "<group>";
		};
		359AD86A19B2F15B00E191A1 /* Frameworks */ = {
			isa = PBXGroup;
			children = (
				3517749219B6082F00AECE17 /* libsqlite3.0.dylib */,
				3517749019B6081500AECE17 /* libstdc++.6.0.9.dylib */,
				3517748E19B6080400AECE17 /* libz.1.1.3.dylib */,
				3517748A19B605BF00AECE17 /* Security.framework */,
				3517748819B605AD00AECE17 /* CoreFoundation.framework */,
				3517748619B6059B00AECE17 /* SystemConfiguration.framework */,
				3517748419B6058C00AECE17 /* CoreTelephony.framework */,
				3515399119BC8127002BE0B9 /* TencentOpenApi_IOS_Bundle.bundle */,
				3515399219BC8127002BE0B9 /* TencentOpenAPI.framework */,
				359AD86B19B2F15B00E191A1 /* Foundation.framework */,
				359AD86D19B2F15B00E191A1 /* CoreGraphics.framework */,
				351539A219BC82A6002BE0B9 /* SinaWeiboSDK */,
				3515399D19BC8294002BE0B9 /* WechatSDK */,
				359AD86F19B2F15B00E191A1 /* UIKit.framework */,
				359AD88A19B2F15B00E191A1 /* XCTest.framework */,
			);
			name = Frameworks;
			sourceTree = "<group>";
		};
		359AD87219B2F15B00E191A1 /* Supporting Files */ = {
			isa = PBXGroup;
			children = (
				359B5F9F19B56B0F00DEB0E7 /* res */,
				359AD87319B2F15B00E191A1 /* NextIdentity-Info.plist */,
				359AD87419B2F15B00E191A1 /* InfoPlist.strings */,
				359AD87719B2F15B00E191A1 /* main.m */,
				359AD87919B2F15B00E191A1 /* NextIdentity-Prefix.pch */,
			);
			name = "Supporting Files";
			path = NextIdentity;
			sourceTree = "<group>";
		};
		359AD89019B2F15B00E191A1 /* DigitalAssetsTests */ = {
			isa = PBXGroup;
			children = (
				359AD89619B2F15B00E191A1 /* NextIdentityTests.m */,
				359AD89119B2F15B00E191A1 /* Supporting Files */,
			);
			name = DigitalAssetsTests;
			path = NextIdentityTests;
			sourceTree = "<group>";
		};
		359AD89119B2F15B00E191A1 /* Supporting Files */ = {
			isa = PBXGroup;
			children = (
				359AD89219B2F15B00E191A1 /* NextIdentityTests-Info.plist */,
				359AD89319B2F15B00E191A1 /* InfoPlist.strings */,
			);
			name = "Supporting Files";
			sourceTree = "<group>";
		};
		359B5F9F19B56B0F00DEB0E7 /* res */ = {
			isa = PBXGroup;
			children = (
				3515394C19BB022F002BE0B9 /* LaunchIcon.png */,
				3515394D19BB022F002BE0B9 /* LaunchIcon@2x.png */,
				356B508D19B9F08300DC5874 /* linkedin.png */,
				356B509219B9F14A00DC5874 /* money@2x.png */,
				356B509319B9F14A00DC5874 /* service@2x.png */,
				356B509419B9F14A00DC5874 /* setting@2x.png */,
				356B508E19B9F08300DC5874 /* money.png */,
				356B507E19B9F02800DC5874 /* qq.png */,
				356B507F19B9F02800DC5874 /* service.png */,
				356B508019B9F02800DC5874 /* setting.png */,
				356B508219B9F02800DC5874 /* sina.png */,
				356B508319B9F02800DC5874 /* taobao.png */,
				356B508419B9F02800DC5874 /* wechat.png */,
				359B5FB219B5D01400DEB0E7 /* taobao.png */,
				359B5FA019B56B3000DEB0E7 /* douban.png */,
				359B5FA119B56B3000DEB0E7 /* sina.png */,
			);
			name = res;
			sourceTree = "<group>";
		};
		359B5FAC19B5CBFC00DEB0E7 /* Model */ = {
			isa = PBXGroup;
			children = (
				359B5F9619B40CD600DEB0E7 /* NSAssetModel.h */,
				359B5F9719B40CD600DEB0E7 /* NSAssetModel.m */,
				3515394919BAF8A5002BE0B9 /* NSUserModel.h */,
				3515394A19BAF8A5002BE0B9 /* NSUserModel.m */,
			);
			name = Model;
			path = NextIdentity;
			sourceTree = "<group>";
		};
		359B5FAD19B5CC0C00DEB0E7 /* LogonViewController */ = {
			isa = PBXGroup;
			children = (
				3517745F19B3693F00AECE17 /* DoubanLogonViewController.h */,
				3517746019B3693F00AECE17 /* DoubanLogonViewController.m */,
				3517747019B4BA6600AECE17 /* SinaWeiboLogonController.h */,
				3517747119B4BA6600AECE17 /* SinaWeiboLogonController.m */,
				359B5FA619B5AB5500DEB0E7 /* TaobaoLogonViewController.h */,
				359B5FA719B5AB5500DEB0E7 /* TaobaoLogonViewController.m */,
				3517747719B5FB1000AECE17 /* TencentLogonController.h */,
				3517747819B5FB1000AECE17 /* TencentLogonController.m */,
				35ABAEB119BEE909003D3504 /* LinkedInLogonViewController.h */,
				35ABAEB219BEE909003D3504 /* LinkedInLogonViewController.m */,
			);
			name = LogonViewController;
			path = NextIdentity;
			sourceTree = "<group>";
		};
/* End PBXGroup section */

/* Begin PBXNativeTarget section */
		359AD86719B2F15B00E191A1 /* DigitalAssets */ = {
			isa = PBXNativeTarget;
			buildConfigurationList = 359AD89A19B2F15B00E191A1 /* Build configuration list for PBXNativeTarget "DigitalAssets" */;
			buildPhases = (
				359AD86419B2F15B00E191A1 /* Sources */,
				359AD86519B2F15B00E191A1 /* Frameworks */,
				359AD86619B2F15B00E191A1 /* Resources */,
			);
			buildRules = (
			);
			dependencies = (
			);
			name = DigitalAssets;
			productName = NextIdentity;
			productReference = 359AD86819B2F15B00E191A1 /* DigitalAssets.app */;
			productType = "com.apple.product-type.application";
		};
		359AD88819B2F15B00E191A1 /* DigitalAssetsTests */ = {
			isa = PBXNativeTarget;
			buildConfigurationList = 359AD89D19B2F15B00E191A1 /* Build configuration list for PBXNativeTarget "DigitalAssetsTests" */;
			buildPhases = (
				359AD88519B2F15B00E191A1 /* Sources */,
				359AD88619B2F15B00E191A1 /* Frameworks */,
				359AD88719B2F15B00E191A1 /* Resources */,
			);
			buildRules = (
			);
			dependencies = (
				359AD88F19B2F15B00E191A1 /* PBXTargetDependency */,
			);
			name = DigitalAssetsTests;
			productName = NextIdentityTests;
			productReference = 359AD88919B2F15B00E191A1 /* DigitalAssetsTests.xctest */;
			productType = "com.apple.product-type.bundle.unit-test";
		};
/* End PBXNativeTarget section */

/* Begin PBXProject section */
		359AD86019B2F15B00E191A1 /* Project object */ = {
			isa = PBXProject;
			attributes = {
				LastUpgradeCheck = 0510;
				ORGANIZATIONNAME = "iShanghai Creative";
				TargetAttributes = {
					359AD88819B2F15B00E191A1 = {
						TestTargetID = 359AD86719B2F15B00E191A1;
					};
				};
			};
			buildConfigurationList = 359AD86319B2F15B00E191A1 /* Build configuration list for PBXProject "DigitalAssets" */;
			compatibilityVersion = "Xcode 3.2";
			developmentRegion = English;
			hasScannedForEncodings = 0;
			knownRegions = (
				en,
				Base,
			);
			mainGroup = 359AD85F19B2F15B00E191A1;
			productRefGroup = 359AD86919B2F15B00E191A1 /* Products */;
			projectDirPath = "";
			projectRoot = "";
			targets = (
				359AD86719B2F15B00E191A1 /* DigitalAssets */,
				359AD88819B2F15B00E191A1 /* DigitalAssetsTests */,
			);
		};
/* End PBXProject section */

/* Begin PBXResourcesBuildPhase section */
		359AD86619B2F15B00E191A1 /* Resources */ = {
			isa = PBXResourcesBuildPhase;
			buildActionMask = 2147483647;
			files = (
				351774A319B8A11D00AECE17 /* AssetType.plist in Resources */,
				3515394E19BB022F002BE0B9 /* LaunchIcon.png in Resources */,
				356B509119B9F08300DC5874 /* money.png in Resources */,
				356B508B19B9F02800DC5874 /* wechat.png in Resources */,
				356B508719B9F02800DC5874 /* setting.png in Resources */,
				356B508A19B9F02800DC5874 /* taobao.png in Resources */,
				359AD88419B2F15B00E191A1 /* Images.xcassets in Resources */,
				359AD87619B2F15B00E191A1 /* InfoPlist.strings in Resources */,
				359B5FA319B56B3000DEB0E7 /* sina.png in Resources */,
				3515394F19BB022F002BE0B9 /* LaunchIcon@2x.png in Resources */,
				356B509719B9F14A00DC5874 /* setting@2x.png in Resources */,
				359AD87F19B2F15B00E191A1 /* Main.storyboard in Resources */,
				3515399319BC8127002BE0B9 /* TencentOpenApi_IOS_Bundle.bundle in Resources */,
				356B508619B9F02800DC5874 /* service.png in Resources */,
				359B5FA219B56B3000DEB0E7 /* douban.png in Resources */,
				356B508919B9F02800DC5874 /* sina.png in Resources */,
				356B508519B9F02800DC5874 /* qq.png in Resources */,
				356B509019B9F08300DC5874 /* linkedin.png in Resources */,
				359B5FB319B5D01400DEB0E7 /* taobao.png in Resources */,
				351539A719BC82A6002BE0B9 /* WeiboSDK.bundle in Resources */,
				356B509519B9F14A00DC5874 /* money@2x.png in Resources */,
				356B509619B9F14A00DC5874 /* service@2x.png in Resources */,
			);
			runOnlyForDeploymentPostprocessing = 0;
		};
		359AD88719B2F15B00E191A1 /* Resources */ = {
			isa = PBXResourcesBuildPhase;
			buildActionMask = 2147483647;
			files = (
				359AD89519B2F15B00E191A1 /* InfoPlist.strings in Resources */,
			);
			runOnlyForDeploymentPostprocessing = 0;
		};
/* End PBXResourcesBuildPhase section */

/* Begin PBXSourcesBuildPhase section */
		359AD86419B2F15B00E191A1 /* Sources */ = {
			isa = PBXSourcesBuildPhase;
			buildActionMask = 2147483647;
			files = (
				356B9CB619BDB4F5002F3794 /* AssetRankingViewController.m in Sources */,
				3517749E19B891EE00AECE17 /* VendorCollectionViewController.m in Sources */,
				3515398319BC80ED002BE0B9 /* RegisterViewController.m in Sources */,
				359B5FA819B5AB5500DEB0E7 /* TaobaoLogonViewController.m in Sources */,
				3517747219B4BA6600AECE17 /* SinaWeiboLogonController.m in Sources */,
				3515398D19BC810B002BE0B9 /* KeyValueTableViewController.m in Sources */,
				359B5F9819B40CD600DEB0E7 /* NSAssetModel.m in Sources */,
				3517746419B3701E00AECE17 /* URLRequestHandler.m in Sources */,
				356B50AF19B9F30D00DC5874 /* PNBar.m in Sources */,
				356B9CB319BDA362002F3794 /* DetailTableViewController.m in Sources */,
				356B9CB019BD9FC1002F3794 /* AssetTotalViewController.m in Sources */,
				356B50B719B9F30D00DC5874 /* PNPieChartDataItem.m in Sources */,
				359AD8A519B307AE00E191A1 /* VendorLogonViewController.m in Sources */,
				3515397219BC80B8002BE0B9 /* ServiceTableViewController.m in Sources */,
				356B9CAD19BD9342002F3794 /* ChartView.m in Sources */,
				3515398219BC80ED002BE0B9 /* NewUserTableViewController.m in Sources */,
				356B50B419B9F30D00DC5874 /* PNColor.m in Sources */,
				3515398E19BC810B002BE0B9 /* NavigationController.m in Sources */,
				351774A119B8953700AECE17 /* VendorCollectionViewCell.m in Sources */,
				356B50B319B9F30D00DC5874 /* PNCircleChart.m in Sources */,
				3517746119B3693F00AECE17 /* DoubanLogonViewController.m in Sources */,
				356B50B819B9F30D00DC5874 /* UICountingLabel.m in Sources */,
				3515397A19BC80CD002BE0B9 /* ChangePwdTableViewController.m in Sources */,
				3515394B19BAF8A5002BE0B9 /* NSUserModel.m in Sources */,
				356B50B119B9F30D00DC5874 /* PNChart.m in Sources */,
				356B50B219B9F30D00DC5874 /* PNChartLabel.m in Sources */,
				356B50B619B9F30D00DC5874 /* PNPieChart.m in Sources */,
				3515398F19BC810B002BE0B9 /* TextFieldTableViewCell.m in Sources */,
				35ABAEB319BEE909003D3504 /* LinkedInLogonViewController.m in Sources */,
				356B50B519B9F30D00DC5874 /* PNLineChart.m in Sources */,
				3515398419BC80ED002BE0B9 /* UserLogonTableViewController.m in Sources */,
				3517747919B5FB1000AECE17 /* TencentLogonController.m in Sources */,
				356B50B019B9F30D00DC5874 /* PNBarChart.m in Sources */,
				35ABAEB619C0246E003D3504 /* Utility.m in Sources */,
				359AD87C19B2F15B00E191A1 /* AppDelegate.m in Sources */,
				3515397B19BC80CD002BE0B9 /* SettingTableViewController.m in Sources */,
				359AD87819B2F15B00E191A1 /* main.m in Sources */,
				359AD8A219B2FC9600E191A1 /* AssetDetailViewController.m in Sources */,
				3517749B19B88A9100AECE17 /* HomeViewController.m in Sources */,
				3515397919BC80CD002BE0B9 /* ChangeProfileTableViewController.m in Sources */,
				3515399019BC810B002BE0B9 /* TouchTableView.m in Sources */,
			);
			runOnlyForDeploymentPostprocessing = 0;
		};
		359AD88519B2F15B00E191A1 /* Sources */ = {
			isa = PBXSourcesBuildPhase;
			buildActionMask = 2147483647;
			files = (
				359AD89719B2F15B00E191A1 /* NextIdentityTests.m in Sources */,
			);
			runOnlyForDeploymentPostprocessing = 0;
		};
/* End PBXSourcesBuildPhase section */

/* Begin PBXTargetDependency section */
		359AD88F19B2F15B00E191A1 /* PBXTargetDependency */ = {
			isa = PBXTargetDependency;
			target = 359AD86719B2F15B00E191A1 /* DigitalAssets */;
			targetProxy = 359AD88E19B2F15B00E191A1 /* PBXContainerItemProxy */;
		};
/* End PBXTargetDependency section */

/* Begin PBXVariantGroup section */
		359AD87419B2F15B00E191A1 /* InfoPlist.strings */ = {
			isa = PBXVariantGroup;
			children = (
				359AD87519B2F15B00E191A1 /* en */,
			);
			name = InfoPlist.strings;
			sourceTree = "<group>";
		};
		359AD87D19B2F15B00E191A1 /* Main.storyboard */ = {
			isa = PBXVariantGroup;
			children = (
				359AD87E19B2F15B00E191A1 /* Base */,
			);
			name = Main.storyboard;
			path = NextIdentity;
			sourceTree = "<group>";
		};
		359AD89319B2F15B00E191A1 /* InfoPlist.strings */ = {
			isa = PBXVariantGroup;
			children = (
				359AD89419B2F15B00E191A1 /* en */,
			);
			name = InfoPlist.strings;
			sourceTree = "<group>";
		};
/* End PBXVariantGroup section */

/* Begin XCBuildConfiguration section */
		359AD89819B2F15B00E191A1 /* Debug */ = {
			isa = XCBuildConfiguration;
			buildSettings = {
				ALWAYS_SEARCH_USER_PATHS = NO;
				CLANG_CXX_LANGUAGE_STANDARD = "gnu++0x";
				CLANG_CXX_LIBRARY = "libc++";
				CLANG_ENABLE_MODULES = YES;
				CLANG_ENABLE_OBJC_ARC = YES;
				CLANG_WARN_BOOL_CONVERSION = YES;
				CLANG_WARN_CONSTANT_CONVERSION = YES;
				CLANG_WARN_DIRECT_OBJC_ISA_USAGE = YES_ERROR;
				CLANG_WARN_EMPTY_BODY = YES;
				CLANG_WARN_ENUM_CONVERSION = YES;
				CLANG_WARN_INT_CONVERSION = YES;
				CLANG_WARN_OBJC_ROOT_CLASS = YES_ERROR;
				CLANG_WARN__DUPLICATE_METHOD_MATCH = YES;
				"CODE_SIGN_IDENTITY[sdk=iphoneos*]" = "iPhone Developer";
				COPY_PHASE_STRIP = NO;
				GCC_C_LANGUAGE_STANDARD = gnu99;
				GCC_DYNAMIC_NO_PIC = NO;
				GCC_OPTIMIZATION_LEVEL = 0;
				GCC_PREPROCESSOR_DEFINITIONS = (
					"DEBUG=1",
					"$(inherited)",
				);
				GCC_SYMBOLS_PRIVATE_EXTERN = NO;
				GCC_WARN_64_TO_32_BIT_CONVERSION = YES;
				GCC_WARN_ABOUT_RETURN_TYPE = YES_ERROR;
				GCC_WARN_UNDECLARED_SELECTOR = YES;
				GCC_WARN_UNINITIALIZED_AUTOS = YES_AGGRESSIVE;
				GCC_WARN_UNUSED_FUNCTION = YES;
				GCC_WARN_UNUSED_VARIABLE = YES;
				IPHONEOS_DEPLOYMENT_TARGET = 7.1;
				ONLY_ACTIVE_ARCH = YES;
				PRODUCT_NAME = DigitalAssets;
				SDKROOT = iphoneos;
			};
			name = Debug;
		};
		359AD89919B2F15B00E191A1 /* Release */ = {
			isa = XCBuildConfiguration;
			buildSettings = {
				ALWAYS_SEARCH_USER_PATHS = NO;
				CLANG_CXX_LANGUAGE_STANDARD = "gnu++0x";
				CLANG_CXX_LIBRARY = "libc++";
				CLANG_ENABLE_MODULES = YES;
				CLANG_ENABLE_OBJC_ARC = YES;
				CLANG_WARN_BOOL_CONVERSION = YES;
				CLANG_WARN_CONSTANT_CONVERSION = YES;
				CLANG_WARN_DIRECT_OBJC_ISA_USAGE = YES_ERROR;
				CLANG_WARN_EMPTY_BODY = YES;
				CLANG_WARN_ENUM_CONVERSION = YES;
				CLANG_WARN_INT_CONVERSION = YES;
				CLANG_WARN_OBJC_ROOT_CLASS = YES_ERROR;
				CLANG_WARN__DUPLICATE_METHOD_MATCH = YES;
				"CODE_SIGN_IDENTITY[sdk=iphoneos*]" = "iPhone Developer";
				COPY_PHASE_STRIP = YES;
				ENABLE_NS_ASSERTIONS = NO;
				GCC_C_LANGUAGE_STANDARD = gnu99;
				GCC_WARN_64_TO_32_BIT_CONVERSION = YES;
				GCC_WARN_ABOUT_RETURN_TYPE = YES_ERROR;
				GCC_WARN_UNDECLARED_SELECTOR = YES;
				GCC_WARN_UNINITIALIZED_AUTOS = YES_AGGRESSIVE;
				GCC_WARN_UNUSED_FUNCTION = YES;
				GCC_WARN_UNUSED_VARIABLE = YES;
				IPHONEOS_DEPLOYMENT_TARGET = 7.1;
				PRODUCT_NAME = DigitalAssets;
				SDKROOT = iphoneos;
				VALIDATE_PRODUCT = YES;
			};
			name = Release;
		};
		359AD89B19B2F15B00E191A1 /* Debug */ = {
			isa = XCBuildConfiguration;
			buildSettings = {
				ARCHS = "$(ARCHS_STANDARD_32_BIT)";
				ASSETCATALOG_COMPILER_APPICON_NAME = AppIcon;
				ASSETCATALOG_COMPILER_LAUNCHIMAGE_NAME = LaunchImage;
				FRAMEWORK_SEARCH_PATHS = (
					"$(inherited)",
					"$(PROJECT_DIR)",
					"$(PROJECT_DIR)/NextIdentity/TencentSDK",
				);
				GCC_PRECOMPILE_PREFIX_HEADER = YES;
				GCC_PREFIX_HEADER = "NextIdentity/NextIdentity-Prefix.pch";
				INFOPLIST_FILE = "NextIdentity/NextIdentity-Info.plist";
				IPHONEOS_DEPLOYMENT_TARGET = 7.0;
				LIBRARY_SEARCH_PATHS = (
					"$(PROJECT_DIR)/NextIdentity/WechatSDK",
					"$(PROJECT_DIR)/NextIdentity/SinaWeiboSDK",
				);
				OTHER_LDFLAGS = "";
				PRODUCT_NAME = "$(TARGET_NAME)";
				PROVISIONING_PROFILE = "213f9f03-8f4e-4d0e-a04a-f763a213515d";
				VALID_ARCHS = "armv7 armv7s arm64";
				WRAPPER_EXTENSION = app;
			};
			name = Debug;
		};
		359AD89C19B2F15B00E191A1 /* Release */ = {
			isa = XCBuildConfiguration;
			buildSettings = {
				ARCHS = "$(ARCHS_STANDARD_32_BIT)";
				ASSETCATALOG_COMPILER_APPICON_NAME = AppIcon;
				ASSETCATALOG_COMPILER_LAUNCHIMAGE_NAME = LaunchImage;
				FRAMEWORK_SEARCH_PATHS = (
					"$(inherited)",
					"$(PROJECT_DIR)",
					"$(PROJECT_DIR)/NextIdentity/TencentSDK",
				);
				GCC_PRECOMPILE_PREFIX_HEADER = YES;
				GCC_PREFIX_HEADER = "NextIdentity/NextIdentity-Prefix.pch";
				INFOPLIST_FILE = "NextIdentity/NextIdentity-Info.plist";
				IPHONEOS_DEPLOYMENT_TARGET = 7.0;
				LIBRARY_SEARCH_PATHS = (
					"$(PROJECT_DIR)/NextIdentity/WechatSDK",
					"$(PROJECT_DIR)/NextIdentity/SinaWeiboSDK",
				);
				OTHER_LDFLAGS = "";
				PRODUCT_NAME = "$(TARGET_NAME)";
				PROVISIONING_PROFILE = "213f9f03-8f4e-4d0e-a04a-f763a213515d";
				VALID_ARCHS = "armv7 armv7s arm64";
				WRAPPER_EXTENSION = app;
			};
			name = Release;
		};
		359AD89E19B2F15B00E191A1 /* Debug */ = {
			isa = XCBuildConfiguration;
			buildSettings = {
				BUNDLE_LOADER = "$(BUILT_PRODUCTS_DIR)/NextIdentity.app/NextIdentity";
				FRAMEWORK_SEARCH_PATHS = (
					"$(SDKROOT)/Developer/Library/Frameworks",
					"$(inherited)",
					"$(DEVELOPER_FRAMEWORKS_DIR)",
				);
				GCC_PRECOMPILE_PREFIX_HEADER = YES;
				GCC_PREFIX_HEADER = "NextIdentity/NextIdentity-Prefix.pch";
				GCC_PREPROCESSOR_DEFINITIONS = (
					"DEBUG=1",
					"$(inherited)",
				);
				INFOPLIST_FILE = "NextIdentityTests/NextIdentityTests-Info.plist";
				PRODUCT_NAME = "$(TARGET_NAME)";
				TEST_HOST = "$(BUNDLE_LOADER)";
				WRAPPER_EXTENSION = xctest;
			};
			name = Debug;
		};
		359AD89F19B2F15B00E191A1 /* Release */ = {
			isa = XCBuildConfiguration;
			buildSettings = {
				BUNDLE_LOADER = "$(BUILT_PRODUCTS_DIR)/NextIdentity.app/NextIdentity";
				FRAMEWORK_SEARCH_PATHS = (
					"$(SDKROOT)/Developer/Library/Frameworks",
					"$(inherited)",
					"$(DEVELOPER_FRAMEWORKS_DIR)",
				);
				GCC_PRECOMPILE_PREFIX_HEADER = YES;
				GCC_PREFIX_HEADER = "NextIdentity/NextIdentity-Prefix.pch";
				INFOPLIST_FILE = "NextIdentityTests/NextIdentityTests-Info.plist";
				PRODUCT_NAME = "$(TARGET_NAME)";
				TEST_HOST = "$(BUNDLE_LOADER)";
				WRAPPER_EXTENSION = xctest;
			};
			name = Release;
		};
/* End XCBuildConfiguration section */

/* Begin XCConfigurationList section */
		359AD86319B2F15B00E191A1 /* Build configuration list for PBXProject "DigitalAssets" */ = {
			isa = XCConfigurationList;
			buildConfigurations = (
				359AD89819B2F15B00E191A1 /* Debug */,
				359AD89919B2F15B00E191A1 /* Release */,
			);
			defaultConfigurationIsVisible = 0;
			defaultConfigurationName = Release;
		};
		359AD89A19B2F15B00E191A1 /* Build configuration list for PBXNativeTarget "DigitalAssets" */ = {
			isa = XCConfigurationList;
			buildConfigurations = (
				359AD89B19B2F15B00E191A1 /* Debug */,
				359AD89C19B2F15B00E191A1 /* Release */,
			);
			defaultConfigurationIsVisible = 0;
			defaultConfigurationName = Release;
		};
		359AD89D19B2F15B00E191A1 /* Build configuration list for PBXNativeTarget "DigitalAssetsTests" */ = {
			isa = XCConfigurationList;
			buildConfigurations = (
				359AD89E19B2F15B00E191A1 /* Debug */,
				359AD89F19B2F15B00E191A1 /* Release */,
			);
			defaultConfigurationIsVisible = 0;
			defaultConfigurationName = Release;
		};
/* End XCConfigurationList section */
	};
	rootObject = 359AD86019B2F15B00E191A1 /* Project object */;
}
